
Microsoft Visual Studio Solution File, Format Version 12.00
# Visual Studio 2012
Project("{FAE04EC0-301F-11D3-BF4B-00C04F79EFBC}") = "TcpTest.WinPhone-WP7", "WP7\TcpTest.WinPhone\TcpTest.WinPhone-WP7.csproj", "{4E0F77C1-E0DC-4696-B2D9-997ECE9F390E}"
EndProject
Project("{FAE04EC0-301F-11D3-BF4B-00C04F79EFBC}") = "TcpTest.WinPhone-WP8", "WP8\TcpTest.WinPhone\TcpTest.WinPhone-WP8.csproj", "{315297E3-037E-4C01-ADB5-B326F5E9ED6A}"
EndProject
Global
	GlobalSection(SolutionConfigurationPlatforms) = preSolution
		Debug|Any CPU = Debug|Any CPU
		Debug|ARM = Debug|ARM
		Debug|x86 = Debug|x86
		Release|Any CPU = Release|Any CPU
		Release|ARM = Release|ARM
		Release|x86 = Release|x86
	EndGlobalSection
	GlobalSection(ProjectConfigurationPlatforms) = postSolution
		{4E0F77C1-E0DC-4696-B2D9-997ECE9F390E}.Debug|Any CPU.ActiveCfg = Debug|Any CPU
		{4E0F77C1-E0DC-4696-B2D9-997ECE9F390E}.Debug|Any CPU.Build.0 = Debug|Any CPU
		{4E0F77C1-E0DC-4696-B2D9-997ECE9F390E}.Debug|Any CPU.Deploy.0 = Debug|Any CPU
		{4E0F77C1-E0DC-4696-B2D9-997ECE9F390E}.Debug|ARM.ActiveCfg = Debug|Any CPU
		{4E0F77C1-E0DC-4696-B2D9-997ECE9F390E}.Debug|x86.ActiveCfg = Debug|Any CPU
		{4E0F77C1-E0DC-4696-B2D9-997ECE9F390E}.Release|Any CPU.ActiveCfg = Release|Any CPU
		{4E0F77C1-E0DC-4696-B2D9-997ECE9F390E}.Release|Any CPU.Build.0 = Release|Any CPU
		{4E0F77C1-E0DC-4696-B2D9-997ECE9F390E}.Release|Any CPU.Deploy.0 = Release|Any CPU
		{4E0F77C1-E0DC-4696-B2D9-997ECE9F390E}.Release|ARM.ActiveCfg = Release|Any CPU
		{4E0F77C1-E0DC-4696-B2D9-997ECE9F390E}.Release|x86.ActiveCfg = Release|Any CPU
		{315297E3-037E-4C01-ADB5-B326F5E9ED6A}.Debug|Any CPU.ActiveCfg = Debug|Any CPU
		{315297E3-037E-4C01-ADB5-B326F5E9ED6A}.Debug|Any CPU.Build.0 = Debug|Any CPU
		{315297E3-037E-4C01-ADB5-B326F5E9ED6A}.Debug|Any CPU.Deploy.0 = Debug|Any CPU
		{315297E3-037E-4C01-ADB5-B326F5E9ED6A}.Debug|ARM.ActiveCfg = Debug|ARM
		{315297E3-037E-4C01-ADB5-B326F5E9ED6A}.Debug|ARM.Build.0 = Debug|ARM
		{315297E3-037E-4C01-ADB5-B326F5E9ED6A}.Debug|ARM.Deploy.0 = Debug|ARM
		{315297E3-037E-4C01-ADB5-B326F5E9ED6A}.Debug|x86.ActiveCfg = Debug|x86
		{315297E3-037E-4C01-ADB5-B326F5E9ED6A}.Debug|x86.Build.0 = Debug|x86
		{315297E3-037E-4C01-ADB5-B326F5E9ED6A}.Debug|x86.Deploy.0 = Debug|x86
		{315297E3-037E-4C01-ADB5-B326F5E9ED6A}.Release|Any CPU.ActiveCfg = Release|Any CPU
		{315297E3-037E-4C01-ADB5-B326F5E9ED6A}.Release|Any CPU.Build.0 = Release|Any CPU
		{315297E3-037E-4C01-ADB5-B326F5E9ED6A}.Release|Any CPU.Deploy.0 = Release|Any CPU
		{315297E3-037E-4C01-ADB5-B326F5E9ED6A}.Release|ARM.ActiveCfg = Release|ARM
		{315297E3-037E-4C01-ADB5-B326F5E9ED6A}.Release|ARM.Build.0 = Release|ARM
		{315297E3-037E-4C01-ADB5-B326F5E9ED6A}.Release|ARM.Deploy.0 = Release|ARM
		{315297E3-037E-4C01-ADB5-B326F5E9ED6A}.Release|x86.ActiveCfg = Release|x86
		{315297E3-037E-4C01-ADB5-B326F5E9ED6A}.Release|x86.Build.0 = Release|x86
		{315297E3-037E-4C01-ADB5-B326F5E9ED6A}.Release|x86.Deploy.0 = Release|x86
	EndGlobalSection
	GlobalSection(SolutionProperties) = preSolution
		HideSolutionNode = FALSE
	EndGlobalSection
EndGlobal
